
Microsoft Visual Studio Solution File, Format Version 12.00
# Visual Studio Version 16
VisualStudioVersion = 16.0.31019.35
MinimumVisualStudioVersion = 10.0.40219.1
Project("{FAE04EC0-301F-11D3-BF4B-00C04F79EFBC}") = "MovieRental", "MovieRental\MovieRental.csproj", "{ECEEA0ED-3AA6-4305-8A00-936FEB85E888}"
EndProject
Project("{FAE04EC0-301F-11D3-BF4B-00C04F79EFBC}") = "MovieRentalTest", "MovieRentalTest\MovieRentalTest.csproj", "{CEC7EAB0-09A8-412D-9E0E-CD2B6BA501B5}"
EndProject
Global
	GlobalSection(SolutionConfigurationPlatforms) = preSolution
		Debug|Any CPU = Debug|Any CPU
		Release|Any CPU = Release|Any CPU
	EndGlobalSection
	GlobalSection(ProjectConfigurationPlatforms) = postSolution
		{ECEEA0ED-3AA6-4305-8A00-936FEB85E888}.Debug|Any CPU.ActiveCfg = Debug|Any CPU
		{ECEEA0ED-3AA6-4305-8A00-936FEB85E888}.Debug|Any CPU.Build.0 = Debug|Any CPU
		{ECEEA0ED-3AA6-4305-8A00-936FEB85E888}.Release|Any CPU.ActiveCfg = Release|Any CPU
		{ECEEA0ED-3AA6-4305-8A00-936FEB85E888}.Release|Any CPU.Build.0 = Release|Any CPU
		{CEC7EAB0-09A8-412D-9E0E-CD2B6BA501B5}.Debug|Any CPU.ActiveCfg = Debug|Any CPU
		{CEC7EAB0-09A8-412D-9E0E-CD2B6BA501B5}.Debug|Any CPU.Build.0 = Debug|Any CPU
		{CEC7EAB0-09A8-412D-9E0E-CD2B6BA501B5}.Release|Any CPU.ActiveCfg = Release|Any CPU
		{CEC7EAB0-09A8-412D-9E0E-CD2B6BA501B5}.Release|Any CPU.Build.0 = Release|Any CPU
	EndGlobalSection
	GlobalSection(SolutionProperties) = preSolution
		HideSolutionNode = FALSE
	EndGlobalSection
	GlobalSection(ExtensibilityGlobals) = postSolution
		SolutionGuid = {F0E9CD13-2F2D-4C87-A65A-75BB6DFDE71B}
	EndGlobalSection
EndGlobal
